{
  "version": 1,
  "canonVersion": "0.0.1",
  "source": "github:OWNER/daoris#v0.0.1",
  "entries": [
    {
      "pack": "core",
      "source": "core/file-tool-discipline.md",
      "target": "rules/file-tool-discipline.md",
      "canonVersion": "0.0.1",
      "sha256": "2d8c12d1506a3e93ba67249e8600803e99101c68b27bfb204060f0297000ff3b"
    },
    {
      "pack": "core",
      "source": "core/no-global-memory.md",
      "target": "rules/no-global-memory.md",
      "canonVersion": "0.0.1",
      "sha256": "37b279115fd96db53b313ccd5e7fd1bb950ca84703f2a77bbdc069bc4f037168"
    },
    {
      "pack": "core",
      "source": "core/no-tmp-for-repo-files.md",
      "target": "rules/no-tmp-for-repo-files.md",
      "canonVersion": "0.0.1",
      "sha256": "98323844c60835c7cf7cecd3bb1dd9a78c187ba5f5cc412a4de08f9b0f10a816"
    },
    {
      "pack": "core",
      "source": "core/persist-working-state.md",
      "target": "rules/persist-working-state.md",
      "canonVersion": "0.0.1",
      "sha256": "86305c2d1b73b129eaa195ad860ea8060331604c4ee6085bf412fcb29636dcbb"
    },
    {
      "pack": "core",
      "source": "core/sensitive-info.md",
      "target": "rules/sensitive-info.md",
      "canonVersion": "0.0.1",
      "sha256": "3efbd24d7b4c4b6869947f0044565b2ff32cf0246a351119fe8ef56bc6c8ca79"
    },
    {
      "pack": "core",
      "source": "core/task-lifecycle.md",
      "target": "rules/task-lifecycle.md",
      "canonVersion": "0.0.1",
      "sha256": "22e48765dce4b404be04158817c1998b596dcaccf14a9413a97889b39d13d5b2"
    }
  ]
}
