{
  "version": 1,
  "canonVersion": "0.1.0",
  "source": "github:JiarongGu/Daoris#v0.1.0",
  "entries": [
    {
      "pack": "core",
      "source": "core/rules/file-tool-discipline.md",
      "target": "rules/file-tool-discipline.md",
      "canonVersion": "0.1.0",
      "sha256": "11b73410af8ac92bfeb67757e32ec02c2e13303312a99647caeaf37276a87928"
    },
    {
      "pack": "core",
      "source": "core/rules/no-global-memory.md",
      "target": "rules/no-global-memory.md",
      "canonVersion": "0.1.0",
      "sha256": "f15e267068850d12571db3fa2901a621c13366957b1009839d65dab8f197b0ab"
    },
    {
      "pack": "core",
      "source": "core/rules/no-tmp-for-repo-files.md",
      "target": "rules/no-tmp-for-repo-files.md",
      "canonVersion": "0.1.0",
      "sha256": "a5c69fbeb57093fe799f263d072378eb1d53dcea26583953013de7d7be050191"
    },
    {
      "pack": "core",
      "source": "core/rules/persist-working-state.md",
      "target": "rules/persist-working-state.md",
      "canonVersion": "0.1.0",
      "sha256": "79240972b788185c50ec0352b247aefd840ab4c6b3c0c4ed83a4598951a6667e"
    },
    {
      "pack": "core",
      "source": "core/rules/sensitive-info.md",
      "target": "rules/sensitive-info.md",
      "canonVersion": "0.1.0",
      "sha256": "9f8dfb639c8f9baf60068ea4a97cb4cef7e527ce3d778c7f998beba05c1ffca7"
    },
    {
      "pack": "core",
      "source": "core/rules/skills-workflow.md",
      "target": "rules/skills-workflow.md",
      "canonVersion": "0.1.0",
      "sha256": "a30bc17fbd9f2257aa5e210105121be09a0d0766d610425c644d7b129a1ec266"
    },
    {
      "pack": "core",
      "source": "core/rules/task-lifecycle.md",
      "target": "rules/task-lifecycle.md",
      "canonVersion": "0.1.0",
      "sha256": "ca132632d6aa2bb1932e08273b5a6e3511a7e2f9c5750bd3542f8b26b62d5904"
    },
    {
      "pack": "core",
      "source": "core/skills/caveman/SKILL.md",
      "target": "skills/caveman/SKILL.md",
      "canonVersion": "0.1.0",
      "sha256": "33776c844841a80a95027a4608df697ffd87b6315d7f8237342d96fc3562f6ca"
    },
    {
      "pack": "core",
      "source": "core/skills/doc-loader/SKILL.md",
      "target": "skills/doc-loader/SKILL.md",
      "canonVersion": "0.1.0",
      "sha256": "bbe76e87c56b6599519d3f80ac6054725e65f3952e2db975bec914cd592d7c29"
    },
    {
      "pack": "core",
      "source": "core/skills/fix-log/SKILL.md",
      "target": "skills/fix-log/SKILL.md",
      "canonVersion": "0.1.0",
      "sha256": "8cd090f9d5d34e28a6aa5158257e0b6131709c94b1b59b7e0e90639e708bb84b"
    },
    {
      "pack": "core",
      "source": "core/skills/pattern-finder/SKILL.md",
      "target": "skills/pattern-finder/SKILL.md",
      "canonVersion": "0.1.0",
      "sha256": "fb14bbaa0b35aa1b3dc03c82dfa3b6bc9f304c356208ea38884bde973ed1d969"
    },
    {
      "pack": "core",
      "source": "core/skills/post-feature/SKILL.md",
      "target": "skills/post-feature/SKILL.md",
      "canonVersion": "0.1.0",
      "sha256": "37a00e13c1707343794901c14ee48cb38034b87db1df4406986b756ced0109b2"
    }
  ]
}
