{
  "version": 1,
  "canonVersion": "0.0.1",
  "source": "daoris@0.0.1",
  "entries": [
    {
      "pack": "core",
      "source": "core/knowledge/autonomous-development.md",
      "target": "knowledge/autonomous-development.md",
      "canonVersion": "0.0.1",
      "sha256": "aa7cfc371d403e05e25838ca86bda09db85becd8dcd72e9517ee04d782a829eb"
    },
    {
      "pack": "core",
      "source": "core/knowledge/claims-need-checks.md",
      "target": "knowledge/claims-need-checks.md",
      "canonVersion": "0.0.1",
      "sha256": "4d55c770bbd091a74b32f9ce7e0891c6fdfb35a85517bded2f2f939a9f6f3feb"
    },
    {
      "pack": "core",
      "source": "core/knowledge/development-documents.md",
      "target": "knowledge/development-documents.md",
      "canonVersion": "0.0.1",
      "sha256": "c05c8a13d58d513ca8cc957223872f1ca943a72b2152e9eddf9e8714e3d2f720"
    },
    {
      "pack": "core",
      "source": "core/knowledge/leak-repair.md",
      "target": "knowledge/leak-repair.md",
      "canonVersion": "0.0.1",
      "sha256": "c4173572d9160f00489cde8823f7f0337ebf1e05f2fa4bb394e6e7deda1bcbda"
    },
    {
      "pack": "core",
      "source": "core/knowledge/model-decoupling.md",
      "target": "knowledge/model-decoupling.md",
      "canonVersion": "0.0.1",
      "sha256": "c06fb90c762c0864bc964c9a374b37f0e5676b42cc53bce76d769ccf4c46ab5b"
    },
    {
      "pack": "core",
      "source": "core/knowledge/reaching-in.md",
      "target": "knowledge/reaching-in.md",
      "canonVersion": "0.0.1",
      "sha256": "ed1f7729783fe48b4feee772e54478262be4fe0c41eab9f5e0f62cbb52494f20"
    },
    {
      "pack": "core",
      "source": "core/rules/file-tool-discipline.md",
      "target": "rules/file-tool-discipline.md",
      "canonVersion": "0.0.1",
      "sha256": "7304353355a3d0febfd472a693507d0b521802fcd36c7f4ef6c0c451601dec18",
      "in": "AGENTS.md"
    },
    {
      "pack": "core",
      "source": "core/rules/no-global-memory.md",
      "target": "rules/no-global-memory.md",
      "canonVersion": "0.0.1",
      "sha256": "44b81a44a8923c0b5f76f7b13251cf0bbf5743424f531d69a83c9eda58f33983",
      "in": "AGENTS.md"
    },
    {
      "pack": "core",
      "source": "core/rules/no-tmp-for-repo-files.md",
      "target": "rules/no-tmp-for-repo-files.md",
      "canonVersion": "0.0.1",
      "sha256": "eeba11e988735be8c6e4975ffbac2b9df64dcdcc2ca6dceb756bcf850a6006bf",
      "in": "AGENTS.md"
    },
    {
      "pack": "core",
      "source": "core/rules/persist-working-state.md",
      "target": "rules/persist-working-state.md",
      "canonVersion": "0.0.1",
      "sha256": "cad00b1bb695fd5fe5ac9401736a7f7bce8288010d47f2c61730d18fbd5324e3",
      "in": "AGENTS.md"
    },
    {
      "pack": "core",
      "source": "core/rules/repository-owns-its-work.md",
      "target": "rules/repository-owns-its-work.md",
      "canonVersion": "0.0.1",
      "sha256": "b66770b103aa98371bde00c4ede53b6e3e3ff570c0522e3370f38631ac7af3bd",
      "in": "AGENTS.md"
    },
    {
      "pack": "core",
      "source": "core/rules/sensitive-info.md",
      "target": "rules/sensitive-info.md",
      "canonVersion": "0.0.1",
      "sha256": "0966d76218c1efbeb99cf31a34d6fc1083240aaefde0f05ba8eb0075b1166bd2",
      "in": "AGENTS.md"
    },
    {
      "pack": "core",
      "source": "core/rules/skills-workflow.md",
      "target": "rules/skills-workflow.md",
      "canonVersion": "0.0.1",
      "sha256": "4d8231e48066e5a6f0f2ba544d639d2e84d54cd2f56c1a9dc52757c025de8b2a",
      "in": "AGENTS.md"
    },
    {
      "pack": "core",
      "source": "core/rules/task-lifecycle.md",
      "target": "rules/task-lifecycle.md",
      "canonVersion": "0.0.1",
      "sha256": "a66d62d7b69016a9e3852c66ac7bc0682c209b9ef5d68519132dad04b055c8d2",
      "in": "AGENTS.md"
    },
    {
      "pack": "core",
      "source": "core/skills/caveman/SKILL.md",
      "target": "skills/caveman/SKILL.md",
      "canonVersion": "0.0.1",
      "sha256": "696cae3e4e1b9282e0c6e2864c0c82cb4aad668e7695511c84e26e796be61079"
    },
    {
      "pack": "core",
      "source": "core/skills/doc-loader/SKILL.md",
      "target": "skills/doc-loader/SKILL.md",
      "canonVersion": "0.0.1",
      "sha256": "3e4e1d55527a270e0ec7ba8bc8410328572abef8bf5ef3dc5f83bb471f139c37"
    },
    {
      "pack": "core",
      "source": "core/skills/fix-log/SKILL.md",
      "target": "skills/fix-log/SKILL.md",
      "canonVersion": "0.0.1",
      "sha256": "3d31678e3ad8237a409524aa0d96b10e68b3a8935dc3a3bf443c05348d36275f"
    },
    {
      "pack": "core",
      "source": "core/skills/pattern-finder/SKILL.md",
      "target": "skills/pattern-finder/SKILL.md",
      "canonVersion": "0.0.1",
      "sha256": "03156a1f6d740e54601f68f10b6b4ac72eace5d3e5c4e4801cb9475f6c202fb2"
    },
    {
      "pack": "core",
      "source": "core/skills/post-feature/SKILL.md",
      "target": "skills/post-feature/SKILL.md",
      "canonVersion": "0.0.1",
      "sha256": "01448f36ee483076aacd064d063e8b45174726cf39ae3d3d8f087375c4c764b5"
    },
    {
      "pack": "core",
      "source": "core/skills/set-up-documents/SKILL.md",
      "target": "skills/set-up-documents/SKILL.md",
      "canonVersion": "0.0.1",
      "sha256": "ae542ae4de77442a1b91caed096f25bbb9660c085e6f6a9ae40eb45776d1de98"
    },
    {
      "pack": "core",
      "source": "core/skills/set-up-documents/templates/archive-entry.md",
      "target": "skills/set-up-documents/templates/archive-entry.md",
      "canonVersion": "0.0.1",
      "sha256": "a86f74ddb509597506126c1974c5a925be8fb3ad5b0738e1e8f637e088450b9b"
    },
    {
      "pack": "core",
      "source": "core/skills/set-up-documents/templates/backlog-row.md",
      "target": "skills/set-up-documents/templates/backlog-row.md",
      "canonVersion": "0.0.1",
      "sha256": "97293e9462e4f4a678a1865f7a25f9289d01ccd979b0197d3ab1cde4c91718ea"
    },
    {
      "pack": "core",
      "source": "core/skills/set-up-documents/templates/brief.md",
      "target": "skills/set-up-documents/templates/brief.md",
      "canonVersion": "0.0.1",
      "sha256": "3baa34012e0166a850c5e460822ae2569f852653463a6b36a55104ec33e444cd"
    },
    {
      "pack": "core",
      "source": "core/skills/set-up-documents/templates/decision.md",
      "target": "skills/set-up-documents/templates/decision.md",
      "canonVersion": "0.0.1",
      "sha256": "618fbd12b72653025199257210d958f94a83ec070fb5845480964d7e0f299a38"
    },
    {
      "pack": "core",
      "source": "core/skills/set-up-documents/templates/knowledge.md",
      "target": "skills/set-up-documents/templates/knowledge.md",
      "canonVersion": "0.0.1",
      "sha256": "430af3aa5b5ce3597741c766fce2cb2bd47c21a31523c4327b829897314cd573"
    },
    {
      "pack": "core",
      "source": "core/skills/set-up-documents/templates/room.md",
      "target": "skills/set-up-documents/templates/room.md",
      "canonVersion": "0.0.1",
      "sha256": "6492904238afeeec1f504bdff1df944892629e6b4829f80d126960296d236308"
    },
    {
      "pack": "core",
      "source": "core/skills/set-up-documents/templates/router.md",
      "target": "skills/set-up-documents/templates/router.md",
      "canonVersion": "0.0.1",
      "sha256": "573dd259c4ec6345c5759674ffd652f8495189e4d10e6c85a81a400b1a4191f0"
    }
  ]
}
